
Microsoft Visual Studio Solution File, Format Version 12.00
# Visual Studio Version 17
VisualStudioVersion = 17.9.34728.123
MinimumVisualStudioVersion = 10.0.40219.1
Project("{FAE04EC0-301F-11D3-BF4B-00C04F79EFBC}") = "BasketTeam", "BasketTeam.csproj", "{9BC349DC-97AA-4385-8F5E-EE8A5EA18047}"
EndProject
Global
	GlobalSection(SolutionConfigurationPlatforms) = preSolution
		Debug|Any CPU = Debug|Any CPU
		Release|Any CPU = Release|Any CPU
	EndGlobalSection
	GlobalSection(ProjectConfigurationPlatforms) = postSolution
		{9BC349DC-97AA-4385-8F5E-EE8A5EA18047}.Debug|Any CPU.ActiveCfg = Debug|Any CPU
		{9BC349DC-97AA-4385-8F5E-EE8A5EA18047}.Debug|Any CPU.Build.0 = Debug|Any CPU
		{9BC349DC-97AA-4385-8F5E-EE8A5EA18047}.Release|Any CPU.ActiveCfg = Release|Any CPU
		{9BC349DC-97AA-4385-8F5E-EE8A5EA18047}.Release|Any CPU.Build.0 = Release|Any CPU
	EndGlobalSection
	GlobalSection(SolutionProperties) = preSolution
		HideSolutionNode = FALSE
	EndGlobalSection
	GlobalSection(ExtensibilityGlobals) = postSolution
		SolutionGuid = {960909A2-FDBF-4381-87AE-DBBE309A7F53}
	EndGlobalSection
EndGlobal
